<?xml version="1.0" encoding="utf-8"?>
<Project ToolsVersion="4.0" xmlns="http://schemas.microsoft.com/developer/msbuild/2003">
  <ItemGroup>
    <Filter Include="Dev">
      <UniqueIdentifier>{7d95af71-45c6-4c2e-868e-fb5e935cc628}</UniqueIdentifier>
    </Filter>
    <Filter Include="Example1">
      <UniqueIdentifier>{5e2540f6-1c23-4f20-ae42-e1b1708cf6ee}</UniqueIdentifier>
    </Filter>
    <Filter Include="Example1\src\Fsm\A">
      <UniqueIdentifier>{8a8263d9-d460-491e-80d0-42973e77de5d}</UniqueIdentifier>
    </Filter>
    <Filter Include="Example1\src\Fsm\A\St1">
      <UniqueIdentifier>{5b2efb3e-9c3f-42ab-a2a9-3d72f7f8daae}</UniqueIdentifier>
    </Filter>
    <Filter Include="Example1\src\anonys\impl">
      <UniqueIdentifier>{e0dc4d4c-98f4-4b0a-a2c9-274514d7fecf}</UniqueIdentifier>
    </Filter>
    <Filter Include="Example1\src\anonys\fsm">
      <UniqueIdentifier>{c8f64428-5ac4-4d33-a51b-da6bd48edf9d}</UniqueIdentifier>
    </Filter>
    <Filter Include="ext">
      <UniqueIdentifier>{3e157473-f1ab-49e4-8ed3-aa7654e33e29}</UniqueIdentifier>
    </Filter>
    <Filter Include="ext\anonys">
      <UniqueIdentifier>{0d9e6204-129e-4c20-9be1-e066a05b46fb}</UniqueIdentifier>
    </Filter>
  </ItemGroup>
  <ItemGroup>
    <ClCompile Include="main.cpp">
      <Filter>Dev</Filter>
    </ClCompile>
    <ClCompile Include="..\Example1\src\Fsm\A\St1.cpp">
      <Filter>Example1\src\Fsm\A</Filter>
    </ClCompile>
    <ClCompile Include="..\Example1\src\Fsm\A\St2.cpp">
      <Filter>Example1\src\Fsm\A</Filter>
    </ClCompile>
    <ClCompile Include="..\Example1\src\Fsm\A\St1\St1a.cpp">
      <Filter>Example1\src\Fsm\A\St1</Filter>
    </ClCompile>
    <ClCompile Include="..\ext\anonys\FsmCore.cpp">
      <Filter>ext\anonys</Filter>
    </ClCompile>
    <ClCompile Include="..\Example1\src\anonys\FsmPool.cpp" />
    <ClCompile Include="..\Example1\src\env\Log.cpp" />
  </ItemGroup>
  <ItemGroup>
    <ClInclude Include="..\Example1\src\anonys\impl\handlersA.h">
      <Filter>Example1\src\anonys\impl</Filter>
    </ClInclude>
    <ClInclude Include="..\Example1\src\anonys\impl\terminalsA.h">
      <Filter>Example1\src\anonys\impl</Filter>
    </ClInclude>
    <ClInclude Include="..\Example1\src\anonys\fsm\A.h">
      <Filter>Example1\src\anonys\fsm</Filter>
    </ClInclude>
    <ClInclude Include="..\ext\anonys\Timer.h">
      <Filter>ext\anonys</Filter>
    </ClInclude>
    <ClInclude Include="..\ext\anonys\TracingService.h">
      <Filter>ext\anonys</Filter>
    </ClInclude>
    <ClInclude Include="..\ext\anonys\Types.h">
      <Filter>ext\anonys</Filter>
    </ClInclude>
    <ClInclude Include="..\ext\anonys\Utils.h">
      <Filter>ext\anonys</Filter>
    </ClInclude>
    <ClInclude Include="..\ext\anonys\FsmCore.h">
      <Filter>ext\anonys</Filter>
    </ClInclude>
    <ClInclude Include="..\Example1\src\anonys\EventId.h" />
    <ClInclude Include="..\Example1\src\anonys\FsmPool.h" />
    <ClInclude Include="..\Example1\src\anonys\FsmId.h" />
    <ClInclude Include="..\Example1\src\anonys\GeneratedConfig.h" />
    <ClInclude Include="..\Example1\src\Config\AnonysManualConfig.h" />
    <ClInclude Include="..\Example1\src\env\DummyTimerService.h" />
    <ClInclude Include="..\Example1\src\env\DummyTracingService.h" />
    <ClInclude Include="..\Example1\src\env\Log.h" />
    <ClInclude Include="..\Example1\src\Events\Events.h" />
    <ClInclude Include="..\Example1\src\Terminals\CustomTerminals.h" />
    <ClInclude Include="..\Example1\src\Terminals\EventSender.h" />
    <ClInclude Include="..\Example1\src\Terminals\LogService.h" />
    <ClInclude Include="..\Example1\src\Terminals\Std.h" />
    <ClInclude Include="..\Example1\src\Terminals\Terminals.h" />
  </ItemGroup>
</Project>