<?xml version="1.0" encoding="utf-8"?>
<Project ToolsVersion="4.0" xmlns="http://schemas.microsoft.com/developer/msbuild/2003">
  <ItemGroup>
    <Filter Include="anonys">
      <UniqueIdentifier>{0d9e6204-129e-4c20-9be1-e066a05b46fb}</UniqueIdentifier>
    </Filter>
    <Filter Include="Dev">
      <UniqueIdentifier>{7d95af71-45c6-4c2e-868e-fb5e935cc628}</UniqueIdentifier>
    </Filter>
    <Filter Include="Example1">
      <UniqueIdentifier>{5e2540f6-1c23-4f20-ae42-e1b1708cf6ee}</UniqueIdentifier>
    </Filter>
    <Filter Include="Example1\Terminals">
      <UniqueIdentifier>{a125c75b-e743-4714-872a-e32ec48e6b43}</UniqueIdentifier>
    </Filter>
    <Filter Include="Example1\Fsm">
      <UniqueIdentifier>{bb84a452-bc6f-42ef-bfbf-c5b2b6bdef92}</UniqueIdentifier>
    </Filter>
    <Filter Include="Example1\Fsm\A">
      <UniqueIdentifier>{8a8263d9-d460-491e-80d0-42973e77de5d}</UniqueIdentifier>
    </Filter>
    <Filter Include="Example1\anonys">
      <UniqueIdentifier>{8ad0c72c-11db-404b-bf42-9f8b532adf82}</UniqueIdentifier>
    </Filter>
    <Filter Include="Example1\Events">
      <UniqueIdentifier>{e633ef7f-9eae-4f68-bb79-8e1d1b1fcf78}</UniqueIdentifier>
    </Filter>
    <Filter Include="Example1\Fsm\A\St1">
      <UniqueIdentifier>{5b2efb3e-9c3f-42ab-a2a9-3d72f7f8daae}</UniqueIdentifier>
    </Filter>
    <Filter Include="Example1\anonys\impl">
      <UniqueIdentifier>{e0dc4d4c-98f4-4b0a-a2c9-274514d7fecf}</UniqueIdentifier>
    </Filter>
    <Filter Include="Example1\Config">
      <UniqueIdentifier>{8f79cf71-101d-4345-95bb-59f85833a8e6}</UniqueIdentifier>
    </Filter>
  </ItemGroup>
  <ItemGroup>
    <ClCompile Include="main.cpp">
      <Filter>Dev</Filter>
    </ClCompile>
    <ClCompile Include="..\Example1\Terminals\Log.cpp">
      <Filter>Example1\Terminals</Filter>
    </ClCompile>
    <ClCompile Include="..\anonys\FsmBase.cpp">
      <Filter>anonys</Filter>
    </ClCompile>
    <ClCompile Include="..\Example1\Fsm\A\St1.cpp">
      <Filter>Example1\Fsm\A</Filter>
    </ClCompile>
    <ClCompile Include="..\Example1\Fsm\A\St2.cpp">
      <Filter>Example1\Fsm\A</Filter>
    </ClCompile>
    <ClCompile Include="..\Example1\Fsm\A\St1\St1a.cpp">
      <Filter>Example1\Fsm\A\St1</Filter>
    </ClCompile>
    <ClCompile Include="..\Example1\anonys\Fsm.cpp">
      <Filter>Example1\anonys</Filter>
    </ClCompile>
  </ItemGroup>
  <ItemGroup>
    <ClInclude Include="..\anonys\Types.h">
      <Filter>anonys</Filter>
    </ClInclude>
    <ClInclude Include="..\anonys\Utils.h">
      <Filter>anonys</Filter>
    </ClInclude>
    <ClInclude Include="..\Example1\Terminals\Log.h">
      <Filter>Example1\Terminals</Filter>
    </ClInclude>
    <ClInclude Include="..\Example1\Terminals\Timers.h">
      <Filter>Example1\Terminals</Filter>
    </ClInclude>
    <ClInclude Include="..\Example1\Terminals\CustomTerminals.h">
      <Filter>Example1\Terminals</Filter>
    </ClInclude>
    <ClInclude Include="..\Example1\Terminals\Terminals.h">
      <Filter>Example1\Terminals</Filter>
    </ClInclude>
    <ClInclude Include="..\Example1\Terminals\Std.h">
      <Filter>Example1\Terminals</Filter>
    </ClInclude>
    <ClInclude Include="..\Example1\Terminals\EventSender.h">
      <Filter>Example1\Terminals</Filter>
    </ClInclude>
    <ClInclude Include="..\anonys\FsmBase.h">
      <Filter>anonys</Filter>
    </ClInclude>
    <ClInclude Include="..\Example1\Fsm\A.h">
      <Filter>Example1\Fsm</Filter>
    </ClInclude>
    <ClInclude Include="..\Example1\anonys\EventId.h">
      <Filter>Example1\anonys</Filter>
    </ClInclude>
    <ClInclude Include="..\Example1\anonys\FsmId.h">
      <Filter>Example1\anonys</Filter>
    </ClInclude>
    <ClInclude Include="..\Example1\anonys\GeneratedConfig.h">
      <Filter>Example1\anonys</Filter>
    </ClInclude>
    <ClInclude Include="..\Example1\Events\Events.h">
      <Filter>Example1\Events</Filter>
    </ClInclude>
    <ClInclude Include="..\Example1\anonys\Fsm.h">
      <Filter>Example1\anonys</Filter>
    </ClInclude>
    <ClInclude Include="..\Example1\anonys\impl\handlersA.h">
      <Filter>Example1\anonys\impl</Filter>
    </ClInclude>
    <ClInclude Include="..\Example1\anonys\impl\terminalsA.h">
      <Filter>Example1\anonys\impl</Filter>
    </ClInclude>
    <ClInclude Include="..\Example1\Config\AnonysManualConfig.h">
      <Filter>Example1\Config</Filter>
    </ClInclude>
  </ItemGroup>
</Project>